
Microsoft Visual Studio Solution File, Format Version 12.00
# Visual Studio 15
VisualStudioVersion = 15.0.27130.2036
MinimumVisualStudioVersion = 10.0.40219.1
Project("{FAE04EC0-301F-11D3-BF4B-00C04F79EFBC}") = "Video2x-wpf", "Video2x-wpf\Video2x-wpf.csproj", "{652C05A7-C187-4880-BFC1-81D5BC94DFD6}"
EndProject
Global
	GlobalSection(SolutionConfigurationPlatforms) = preSolution
		Debug|Any CPU = Debug|Any CPU
		Release|Any CPU = Release|Any CPU
	EndGlobalSection
	GlobalSection(ProjectConfigurationPlatforms) = postSolution
		{652C05A7-C187-4880-BFC1-81D5BC94DFD6}.Debug|Any CPU.ActiveCfg = Debug|Any CPU
		{652C05A7-C187-4880-BFC1-81D5BC94DFD6}.Debug|Any CPU.Build.0 = Debug|Any CPU
		{652C05A7-C187-4880-BFC1-81D5BC94DFD6}.Release|Any CPU.ActiveCfg = Release|Any CPU
		{652C05A7-C187-4880-BFC1-81D5BC94DFD6}.Release|Any CPU.Build.0 = Release|Any CPU
	EndGlobalSection
	GlobalSection(SolutionProperties) = preSolution
		HideSolutionNode = FALSE
	EndGlobalSection
	GlobalSection(ExtensibilityGlobals) = postSolution
		SolutionGuid = {1250F0B2-65CC-49D8-9A3B-2490B831013E}
	EndGlobalSection
EndGlobal
